
Microsoft Visual Studio Solution File, Format Version 12.00
# Visual Studio Version 16
VisualStudioVersion = 16.0.30204.135
MinimumVisualStudioVersion = 10.0.40219.1
Project("{2150E333-8FDC-42A3-9474-1A3956D46DE8}") = "Software", "Software", "{AD501F82-7B5E-4AD5-A410-DE7464A7CBFB}"
EndProject
Project("{2150E333-8FDC-42A3-9474-1A3956D46DE8}") = "SoftwareContext", "SoftwareContext", "{DDEAA8D2-46CC-494F-B5AC-F60D057E1AFF}"
EndProject
Project("{9A19103F-16F7-4668-BE54-9A1E7A4F7556}") = "Churrascaria.Domain", "src\Loja.Domain\Churrascaria.Domain.csproj", "{648C971E-F19D-4929-BE7E-F9AD34E4E7CA}"
EndProject
Project("{9A19103F-16F7-4668-BE54-9A1E7A4F7556}") = "Churrascaria.AppService", "src\Loja.AppService\Churrascaria.AppService.csproj", "{E24B45FD-0ACD-41CD-B6B2-A234B88AAC80}"
EndProject
Project("{9A19103F-16F7-4668-BE54-9A1E7A4F7556}") = "Churrascaria.Data", "src\Loja.Data\Churrascaria.Data.csproj", "{55BA298C-40CD-45C7-B272-CAB1F315F712}"
EndProject
Project("{2150E333-8FDC-42A3-9474-1A3956D46DE8}") = "0 - Domain", "0 - Domain", "{C29CC683-1A90-4C63-87A2-633232A49B30}"
EndProject
Project("{2150E333-8FDC-42A3-9474-1A3956D46DE8}") = "1 - App", "1 - App", "{82E98FEF-DF43-4CBB-94CE-EBA0E258758E}"
EndProject
Project("{2150E333-8FDC-42A3-9474-1A3956D46DE8}") = "2 - Infrastructure", "2 - Infrastructure", "{8A5962F8-6B0F-49CF-8CC2-EE226A68664B}"
EndProject
Project("{9A19103F-16F7-4668-BE54-9A1E7A4F7556}") = "Churrascaria.Mapper", "src\Loja.Mapper\Churrascaria.Mapper.csproj", "{3BA0707A-217A-48C6-A862-D4175B4DF028}"
EndProject
Project("{9A19103F-16F7-4668-BE54-9A1E7A4F7556}") = "Churrascaria.IoC", "src\Loja.IoC\Churrascaria.IoC.csproj", "{ECF96BA3-6C25-4720-AD2A-49235648F1F9}"
EndProject
Project("{9A19103F-16F7-4668-BE54-9A1E7A4F7556}") = "Churrascaria.Api", "src\Loja.Api\Churrascaria.Api.csproj", "{E326F8F7-5340-482C-BCCA-EEBAB930EE07}"
EndProject
Project("{9A19103F-16F7-4668-BE54-9A1E7A4F7556}") = "Churrascaria.Repository", "src\Loja.Repository\Churrascaria.Repository.csproj", "{E4A147D3-07AF-41AA-8FFF-345FD449B32D}"
EndProject
Project("{9A19103F-16F7-4668-BE54-9A1E7A4F7556}") = "Churrascaria.UoW", "src\Loja.UoW\Churrascaria.UoW.csproj", "{40F36F3D-330F-4136-8E03-5FD5029B6427}"
EndProject
Project("{9A19103F-16F7-4668-BE54-9A1E7A4F7556}") = "Churrascaria.Interop", "src\Loja.Interop\Churrascaria.Interop.csproj", "{8DA25FCE-362C-4F9D-A1EF-B7C910B441B7}"
EndProject
Global
	GlobalSection(SolutionConfigurationPlatforms) = preSolution
		Debug|Any CPU = Debug|Any CPU
		Release|Any CPU = Release|Any CPU
	EndGlobalSection
	GlobalSection(ProjectConfigurationPlatforms) = postSolution
		{648C971E-F19D-4929-BE7E-F9AD34E4E7CA}.Debug|Any CPU.ActiveCfg = Debug|Any CPU
		{648C971E-F19D-4929-BE7E-F9AD34E4E7CA}.Debug|Any CPU.Build.0 = Debug|Any CPU
		{648C971E-F19D-4929-BE7E-F9AD34E4E7CA}.Release|Any CPU.ActiveCfg = Release|Any CPU
		{648C971E-F19D-4929-BE7E-F9AD34E4E7CA}.Release|Any CPU.Build.0 = Release|Any CPU
		{E24B45FD-0ACD-41CD-B6B2-A234B88AAC80}.Debug|Any CPU.ActiveCfg = Debug|Any CPU
		{E24B45FD-0ACD-41CD-B6B2-A234B88AAC80}.Debug|Any CPU.Build.0 = Debug|Any CPU
		{E24B45FD-0ACD-41CD-B6B2-A234B88AAC80}.Release|Any CPU.ActiveCfg = Release|Any CPU
		{E24B45FD-0ACD-41CD-B6B2-A234B88AAC80}.Release|Any CPU.Build.0 = Release|Any CPU
		{55BA298C-40CD-45C7-B272-CAB1F315F712}.Debug|Any CPU.ActiveCfg = Debug|Any CPU
		{55BA298C-40CD-45C7-B272-CAB1F315F712}.Debug|Any CPU.Build.0 = Debug|Any CPU
		{55BA298C-40CD-45C7-B272-CAB1F315F712}.Release|Any CPU.ActiveCfg = Release|Any CPU
		{55BA298C-40CD-45C7-B272-CAB1F315F712}.Release|Any CPU.Build.0 = Release|Any CPU
		{3BA0707A-217A-48C6-A862-D4175B4DF028}.Debug|Any CPU.ActiveCfg = Debug|Any CPU
		{3BA0707A-217A-48C6-A862-D4175B4DF028}.Debug|Any CPU.Build.0 = Debug|Any CPU
		{3BA0707A-217A-48C6-A862-D4175B4DF028}.Release|Any CPU.ActiveCfg = Release|Any CPU
		{3BA0707A-217A-48C6-A862-D4175B4DF028}.Release|Any CPU.Build.0 = Release|Any CPU
		{ECF96BA3-6C25-4720-AD2A-49235648F1F9}.Debug|Any CPU.ActiveCfg = Debug|Any CPU
		{ECF96BA3-6C25-4720-AD2A-49235648F1F9}.Debug|Any CPU.Build.0 = Debug|Any CPU
		{ECF96BA3-6C25-4720-AD2A-49235648F1F9}.Release|Any CPU.ActiveCfg = Release|Any CPU
		{ECF96BA3-6C25-4720-AD2A-49235648F1F9}.Release|Any CPU.Build.0 = Release|Any CPU
		{E326F8F7-5340-482C-BCCA-EEBAB930EE07}.Debug|Any CPU.ActiveCfg = Debug|Any CPU
		{E326F8F7-5340-482C-BCCA-EEBAB930EE07}.Debug|Any CPU.Build.0 = Debug|Any CPU
		{E326F8F7-5340-482C-BCCA-EEBAB930EE07}.Release|Any CPU.ActiveCfg = Release|Any CPU
		{E326F8F7-5340-482C-BCCA-EEBAB930EE07}.Release|Any CPU.Build.0 = Release|Any CPU
		{E4A147D3-07AF-41AA-8FFF-345FD449B32D}.Debug|Any CPU.ActiveCfg = Debug|Any CPU
		{E4A147D3-07AF-41AA-8FFF-345FD449B32D}.Debug|Any CPU.Build.0 = Debug|Any CPU
		{E4A147D3-07AF-41AA-8FFF-345FD449B32D}.Release|Any CPU.ActiveCfg = Release|Any CPU
		{E4A147D3-07AF-41AA-8FFF-345FD449B32D}.Release|Any CPU.Build.0 = Release|Any CPU
		{40F36F3D-330F-4136-8E03-5FD5029B6427}.Debug|Any CPU.ActiveCfg = Debug|Any CPU
		{40F36F3D-330F-4136-8E03-5FD5029B6427}.Debug|Any CPU.Build.0 = Debug|Any CPU
		{40F36F3D-330F-4136-8E03-5FD5029B6427}.Release|Any CPU.ActiveCfg = Release|Any CPU
		{40F36F3D-330F-4136-8E03-5FD5029B6427}.Release|Any CPU.Build.0 = Release|Any CPU
		{8DA25FCE-362C-4F9D-A1EF-B7C910B441B7}.Debug|Any CPU.ActiveCfg = Debug|Any CPU
		{8DA25FCE-362C-4F9D-A1EF-B7C910B441B7}.Debug|Any CPU.Build.0 = Debug|Any CPU
		{8DA25FCE-362C-4F9D-A1EF-B7C910B441B7}.Release|Any CPU.ActiveCfg = Release|Any CPU
		{8DA25FCE-362C-4F9D-A1EF-B7C910B441B7}.Release|Any CPU.Build.0 = Release|Any CPU
	EndGlobalSection
	GlobalSection(SolutionProperties) = preSolution
		HideSolutionNode = FALSE
	EndGlobalSection
	GlobalSection(NestedProjects) = preSolution
		{648C971E-F19D-4929-BE7E-F9AD34E4E7CA} = {C29CC683-1A90-4C63-87A2-633232A49B30}
		{E24B45FD-0ACD-41CD-B6B2-A234B88AAC80} = {82E98FEF-DF43-4CBB-94CE-EBA0E258758E}
		{55BA298C-40CD-45C7-B272-CAB1F315F712} = {8A5962F8-6B0F-49CF-8CC2-EE226A68664B}
		{C29CC683-1A90-4C63-87A2-633232A49B30} = {DDEAA8D2-46CC-494F-B5AC-F60D057E1AFF}
		{82E98FEF-DF43-4CBB-94CE-EBA0E258758E} = {DDEAA8D2-46CC-494F-B5AC-F60D057E1AFF}
		{8A5962F8-6B0F-49CF-8CC2-EE226A68664B} = {DDEAA8D2-46CC-494F-B5AC-F60D057E1AFF}
		{3BA0707A-217A-48C6-A862-D4175B4DF028} = {8A5962F8-6B0F-49CF-8CC2-EE226A68664B}
		{ECF96BA3-6C25-4720-AD2A-49235648F1F9} = {8A5962F8-6B0F-49CF-8CC2-EE226A68664B}
		{E326F8F7-5340-482C-BCCA-EEBAB930EE07} = {AD501F82-7B5E-4AD5-A410-DE7464A7CBFB}
		{E4A147D3-07AF-41AA-8FFF-345FD449B32D} = {8A5962F8-6B0F-49CF-8CC2-EE226A68664B}
		{40F36F3D-330F-4136-8E03-5FD5029B6427} = {8A5962F8-6B0F-49CF-8CC2-EE226A68664B}
		{8DA25FCE-362C-4F9D-A1EF-B7C910B441B7} = {8A5962F8-6B0F-49CF-8CC2-EE226A68664B}
	EndGlobalSection
	GlobalSection(ExtensibilityGlobals) = postSolution
		SolutionGuid = {689DE3E2-71BE-489E-98CA-2C370C927FEE}
	EndGlobalSection
EndGlobal
